{
  "name": "tfjs-examples-sentiment",
  "version": "0.1.0",
  "lockfileVersion": 1,
  "requires": true,
  "dependencies": {
    "@tensorflow/tfjs": {
      "version": "git+https://github.com/tensorflow/tfjs.git#735a14acc037848194480a2c8427625e0e1cacf6",
      "requires": {
        "@tensorflow/tfjs-core": "0.8.3",
        "@tensorflow/tfjs-layers": "0.5.2"
      }
    },
    "@tensorflow/tfjs-core": {
      "version": "0.8.3",
      "resolved": "https://registry.npmjs.org/@tensorflow/tfjs-core/-/tfjs-core-0.8.3.tgz",
      "integrity": "sha512-iInAKj6L51BpkOVHzc1L6NRz3QDOejre1b7ohezvK0hIJSmOB64Ycaba1d1EYxdr9g1vZVzEAYLuoPtm7S43+w==",
      "requires": {
        "seedrandom": "2.4.3"
      }
    },
    "@tensorflow/tfjs-layers": {
      "version": "0.5.2",
      "resolved": "https://registry.npmjs.org/@tensorflow/tfjs-layers/-/tfjs-layers-0.5.2.tgz",
      "integrity": "sha512-eWYIbkIvNIeaUkGwGp4cgSohactayO2uphHrB8gStCiAAPvp1Us4qKJQwzk6lXPDyFYCee4hnqF01kmqdjGNDQ=="
    },
    "assertion-error": {
      "version": "1.1.0",
      "resolved": "https://registry.npmjs.org/assertion-error/-/assertion-error-1.1.0.tgz",
      "integrity": "sha512-jgsaNduz+ndvGyFt3uSuWqvy4lCnIJiovtouQN5JZHOKCS2QuhEdbcQHFhVksz2N2U9hXJo8odG7ETyWlEeuDw=="
    },
    "chai": {
      "version": "3.5.0",
      "resolved": "https://registry.npmjs.org/chai/-/chai-3.5.0.tgz",
      "integrity": "sha1-TQJjewZ/6Vi9v906QOxW/vc3Mkc=",
      "requires": {
        "assertion-error": "1.1.0",
        "deep-eql": "0.1.3",
        "type-detect": "1.0.0"
      }
    },
    "deep-eql": {
      "version": "0.1.3",
      "resolved": "https://registry.npmjs.org/deep-eql/-/deep-eql-0.1.3.tgz",
      "integrity": "sha1-71WKyrjeJSBs1xOQbXTlaTDrafI=",
      "requires": {
        "type-detect": "0.1.1"
      },
      "dependencies": {
        "type-detect": {
          "version": "0.1.1",
          "resolved": "https://registry.npmjs.org/type-detect/-/type-detect-0.1.1.tgz",
          "integrity": "sha1-C6XsKohWQORw6k6FBZcZANrFiCI="
        }
      }
    },
    "discrete-sampling": {
      "version": "1.0.3",
      "resolved": "https://registry.npmjs.org/discrete-sampling/-/discrete-sampling-1.0.3.tgz",
      "integrity": "sha1-QzEao2eCZHAGrlv4fY2tCkcLXRU=",
      "requires": {
        "chai": "3.5.0"
      }
    },
    "seedrandom": {
      "version": "2.4.3",
      "resolved": "https://registry.npmjs.org/seedrandom/-/seedrandom-2.4.3.tgz",
      "integrity": "sha1-JDhQTa0zkXMUv/GKxNeU8W1qrsw="
    },
    "type-detect": {
      "version": "1.0.0",
      "resolved": "https://registry.npmjs.org/type-detect/-/type-detect-1.0.0.tgz",
      "integrity": "sha1-diIXzAbbJY7EiQihKY6LlRIejqI="
    }
  }
}
